
Microsoft Visual Studio Solution File, Format Version 12.00
# Visual Studio Version 17
VisualStudioVersion = 17.11.35327.3
MinimumVisualStudioVersion = 10.0.40219.1
Project("{FAE04EC0-301F-11D3-BF4B-00C04F79EFBC}") = "LittleHelper", "LittleHelper\LittleHelper.csproj", "{D5C1C2EF-FD05-4264-9389-B5FB0FE95AF0}"
EndProject
Global
	GlobalSection(SolutionConfigurationPlatforms) = preSolution
		Debug|Any CPU = Debug|Any CPU
		Debug|x64 = Debug|x64
		Release|Any CPU = Release|Any CPU
		Release|x64 = Release|x64
	EndGlobalSection
	GlobalSection(ProjectConfigurationPlatforms) = postSolution
		{D5C1C2EF-FD05-4264-9389-B5FB0FE95AF0}.Debug|Any CPU.ActiveCfg = Debug|Any CPU
		{D5C1C2EF-FD05-4264-9389-B5FB0FE95AF0}.Debug|Any CPU.Build.0 = Debug|Any CPU
		{D5C1C2EF-FD05-4264-9389-B5FB0FE95AF0}.Debug|x64.ActiveCfg = Debug|x64
		{D5C1C2EF-FD05-4264-9389-B5FB0FE95AF0}.Debug|x64.Build.0 = Debug|x64
		{D5C1C2EF-FD05-4264-9389-B5FB0FE95AF0}.Release|Any CPU.ActiveCfg = Release|Any CPU
		{D5C1C2EF-FD05-4264-9389-B5FB0FE95AF0}.Release|Any CPU.Build.0 = Release|Any CPU
		{D5C1C2EF-FD05-4264-9389-B5FB0FE95AF0}.Release|x64.ActiveCfg = Release|x64
		{D5C1C2EF-FD05-4264-9389-B5FB0FE95AF0}.Release|x64.Build.0 = Release|x64
	EndGlobalSection
	GlobalSection(SolutionProperties) = preSolution
		HideSolutionNode = FALSE
	EndGlobalSection
	GlobalSection(ExtensibilityGlobals) = postSolution
		SolutionGuid = {481B74DA-5D91-4CDE-BBAB-D9000139DC6D}
	EndGlobalSection
EndGlobal
